{
  "version": "4",
  "specifiers": {
    "jsr:@std/yaml@*": "1.0.5"
  },
  "jsr": {
    "@std/yaml@1.0.5": {
      "integrity": "71ba3d334305ee2149391931508b2c293a8490f94a337eef3a09cade1a2a2742"
    }
  },
  "redirects": {
    "https://deno.land/x/deno_dom/deno-dom-wasm.ts": "https://deno.land/x/deno_dom@v0.1.48/deno-dom-wasm.ts"
  },
  "remote": {
    "https://deno.land/std@0.119.0/_util/assert.ts": "2f868145a042a11d5ad0a3c748dcf580add8a0dbc0e876eaa0026303a5488f58",
    "https://deno.land/std@0.119.0/bytes/bytes_list.ts": "3bff6a09c72b2e0b1e92e29bd3b135053894196cca07a2bba842901073efe5cb",
    "https://deno.land/std@0.119.0/bytes/equals.ts": "69f55fdbd45c71f920c1a621e6c0865dc780cd8ae34e0f5e55a9497b70c31c1b",
    "https://deno.land/std@0.119.0/bytes/mod.ts": "fedb80b8da2e7ad8dd251148e65f92a04c73d6c5a430b7d197dc39588c8dda6f",
    "https://deno.land/std@0.119.0/encoding/_yaml/dumper/dumper.ts": "47dd480fd3c72d9bc4faa8d747b2f011e66f06f4897da2c8e3a931e758cc59f7",
    "https://deno.land/std@0.119.0/encoding/_yaml/dumper/dumper_state.ts": "480d85014f6453ff32566aa2025b4b93f47ba1b52caa823075e0207b6abdaf91",
    "https://deno.land/std@0.119.0/encoding/_yaml/error.ts": "37127caf2a57a58ed1f4761d1786f341b8169b81cddd8143ee707c5ae8381ed1",
    "https://deno.land/std@0.119.0/encoding/_yaml/loader/loader.ts": "3cd934e78312737b14e60006629df5aff9fd864e261904e4b0c3869a04a057cc",
    "https://deno.land/std@0.119.0/encoding/_yaml/loader/loader_state.ts": "b419c93cd239241a0b0cd15d6f7e641e8e8259f92786e98180c62a37c1f4f2c8",
    "https://deno.land/std@0.119.0/encoding/_yaml/mark.ts": "bea6f1b15a2398541a7b98224cedfdad0b5070a6091d2a64f6f1a7f9552f45d9",
    "https://deno.land/std@0.119.0/encoding/_yaml/parse.ts": "bf3b99a1d440f7c316959f35c4ddc1f34b6d4c0a1179ef248bbccb184f0f6b36",
    "https://deno.land/std@0.119.0/encoding/_yaml/schema.ts": "b7e0945e80a4f5ed55b875afa9e290e070880e555ad994e0e336905d08ec5370",
    "https://deno.land/std@0.119.0/encoding/_yaml/schema/core.ts": "60bc5880ae4bf8a856b7376b4f573688d018207c7095c4e3b7f6f78fb566fb96",
    "https://deno.land/std@0.119.0/encoding/_yaml/schema/default.ts": "aa3191b304e78237511b30eccc0c02fe1e6138de08d63ce79243dff57eefaa3a",
    "https://deno.land/std@0.119.0/encoding/_yaml/schema/extended.ts": "aefa25bf1c8187eedbb33ca938b8518ccd8e9909daaaa024704385b286fac7da",
    "https://deno.land/std@0.119.0/encoding/_yaml/schema/failsafe.ts": "99b32bbdf1f1d1a9f89412a3047b240df3910348bada9b6addb3d32e45707421",
    "https://deno.land/std@0.119.0/encoding/_yaml/schema/json.ts": "46cb110cf78c5eb1ea1cb3a022d9785c16346758c5fd796445625e3eba5e397c",
    "https://deno.land/std@0.119.0/encoding/_yaml/schema/mod.ts": "887883e91e15d85687a810dbd2337c91f6bc24cc89fa8d487e5fbb0851fc9d32",
    "https://deno.land/std@0.119.0/encoding/_yaml/state.ts": "b4c16a80245ccbf46e5d7e537686216fb178e6e17465edaad52dcc46ca061bc0",
    "https://deno.land/std@0.119.0/encoding/_yaml/stringify.ts": "7ffd3226730f8d29efab367e99ac772a254c59277bb6214fc9eb669a99be6b2b",
    "https://deno.land/std@0.119.0/encoding/_yaml/type.ts": "c8035db697dcbad50d3d714aab71f932f024067ce443475882ee14e721237f33",
    "https://deno.land/std@0.119.0/encoding/_yaml/type/binary.ts": "770b3b1f32ef6e5d39766c449137270aa6da6b75dbe7b1c5fafcaa0c3035df77",
    "https://deno.land/std@0.119.0/encoding/_yaml/type/bool.ts": "9d98f676db1004a096f484d3cffc3d6647edc1b1dcb36a6763d4058aa7c8d7ff",
    "https://deno.land/std@0.119.0/encoding/_yaml/type/float.ts": "8523e91d7e0e776cd28a7505883b707342d02f167cf2f70cbad907086f8070d1",
    "https://deno.land/std@0.119.0/encoding/_yaml/type/function.ts": "2d4a308bbcd29236047473f751cd628d6383d4cdd5d20078a03278ad3b1b7f3a",
    "https://deno.land/std@0.119.0/encoding/_yaml/type/int.ts": "ddd0b4dceaf4004f0d186832430fe622f14c576e8fc1847d8700c9962bd0b224",
    "https://deno.land/std@0.119.0/encoding/_yaml/type/map.ts": "1a6adda80abb559d194c2a6c921d77d1663efc528c3436eac30b6c865999cbf2",
    "https://deno.land/std@0.119.0/encoding/_yaml/type/merge.ts": "d72e0676455ab82a08ed67bbaec26911730d355600477b339918cc714a9404d2",
    "https://deno.land/std@0.119.0/encoding/_yaml/type/mod.ts": "9e93a15efbe9b2d98ec55d782913d8d263d4bfb2c8df89a59b39ac7a46e421de",
    "https://deno.land/std@0.119.0/encoding/_yaml/type/nil.ts": "93a6a43ed4cd82aeedf8866a436d050476ed8bf0c92bf77c5b762f146e634578",
    "https://deno.land/std@0.119.0/encoding/_yaml/type/omap.ts": "f3624d22d50bee6c5dd2ae8cb67b0af30964c9cc04c849502f50dff3d246d38e",
    "https://deno.land/std@0.119.0/encoding/_yaml/type/pairs.ts": "285246370682cd1dc109a03da24f3e66f311ee5ee480c3a080bcd93f4c56f507",
    "https://deno.land/std@0.119.0/encoding/_yaml/type/regexp.ts": "e571f0888d7cceaa8056293be0914789bdd0eedd4372f4b532da395c6e5db4fa",
    "https://deno.land/std@0.119.0/encoding/_yaml/type/seq.ts": "50f1dbf35c2858c6e91b88964bc94836bea50da90a88b4df7814a1319bce921d",
    "https://deno.land/std@0.119.0/encoding/_yaml/type/set.ts": "477d20668416fe78bb35d5e9d90fcde21ad0fa982b4620791a4b6373e78becbb",
    "https://deno.land/std@0.119.0/encoding/_yaml/type/str.ts": "c24c0d7eaba943f2a30f827120be280ccf3fe903ebd31d5beb229965afd582b7",
    "https://deno.land/std@0.119.0/encoding/_yaml/type/timestamp.ts": "4e7221a8e2eafc818bd5b41ccf0636656044a9ca4892fa5763f45cb1733701fa",
    "https://deno.land/std@0.119.0/encoding/_yaml/type/undefined.ts": "bc774444b3a8d9b36cf8c032492584a629597b54cf34b791ed0280de9332296e",
    "https://deno.land/std@0.119.0/encoding/_yaml/utils.ts": "2c01dc0321ca969b208e244fa278f29ba7a5fdda2fba73b0f48dea99a4deb91b",
    "https://deno.land/std@0.119.0/encoding/yaml.ts": "2711d5fe11d8879fc25d2dbfb681aa4e0263a2b8799676a20525a4cbb358fcaa",
    "https://deno.land/std@0.119.0/io/buffer.ts": "8f10342821b81990acf859cdccb4e4031c7c9187a0ffc3ed6b356ee29ecc6681",
    "https://deno.land/x/deno_dom@v0.1.48/build/deno-wasm/deno-wasm.js": "d6841a06342eb6a2798ef28de79ad69c0f2fa349fa04d3ca45e5fcfbf50a9340",
    "https://deno.land/x/deno_dom@v0.1.48/deno-dom-wasm.ts": "0669396686fb207f1354af33df6aabe2189b4eceafdb1bf7f3d6bbb2637b6b03",
    "https://deno.land/x/deno_dom@v0.1.48/src/api.ts": "0ff5790f0a3eeecb4e00b7d8fbfa319b165962cf6d0182a65ba90f158d74f7d7",
    "https://deno.land/x/deno_dom@v0.1.48/src/constructor-lock.ts": "0e7b297e8b9cf921a3b0d3a692ec5fb462c5afc47ec554292e20090b9e16b40a",
    "https://deno.land/x/deno_dom@v0.1.48/src/deserialize.ts": "1cf4096678d8afed8ed28dbad690504c4d2c28149ba768b26eacd1416873425b",
    "https://deno.land/x/deno_dom@v0.1.48/src/dom/document-fragment.ts": "1c7352a3c816587ed7fad574b42636198f680f17abc3836fcfe7799b31e7718f",
    "https://deno.land/x/deno_dom@v0.1.48/src/dom/document.ts": "f8503c0ffe0d703535e84d174f1c30aa31eff15e1450777d7f2e8da81546c002",
    "https://deno.land/x/deno_dom@v0.1.48/src/dom/dom-parser.ts": "784ee0e766d4a01e14420f328053fd3a0016c6b40ee442edc3ae80f5d9777927",
    "https://deno.land/x/deno_dom@v0.1.48/src/dom/element.ts": "f662dbf28d2ac873ebbbe2d4ae53121d13879c2061416f6eae4e8cca58922e8b",
    "https://deno.land/x/deno_dom@v0.1.48/src/dom/elements/html-template-element.ts": "740b97a5378c9a14cccf3429299846eda240b613013e2d2d7f20b393897453c2",
    "https://deno.land/x/deno_dom@v0.1.48/src/dom/html-collection.ts": "eedc0b097612ef420d975df6924850a36a4829b35aafa4c92078609a15a52f08",
    "https://deno.land/x/deno_dom@v0.1.48/src/dom/node-list.ts": "d19fec8ed4979f43c8e117f9937b3da22acc2c8514cb1ef0074f54793cdfc8c9",
    "https://deno.land/x/deno_dom@v0.1.48/src/dom/node.ts": "c93e5f6b6c011cbad6f8728d65459782b911e097f9d0c8c99a51591f7c936449",
    "https://deno.land/x/deno_dom@v0.1.48/src/dom/selectors/custom-api.ts": "852696bd58e534bc41bd3be9e2250b60b67cd95fd28ed16b1deff1d548531a71",
    "https://deno.land/x/deno_dom@v0.1.48/src/dom/selectors/nwsapi-types.ts": "c43b36c36acc5d32caabaa54fda8c9d239b2b0fcbce9a28efb93c84aa1021698",
    "https://deno.land/x/deno_dom@v0.1.48/src/dom/selectors/nwsapi.js": "985d7d8fc1eabbb88946b47a1c44c1b2d4aa79ff23c21424219f1528fa27a2ff",
    "https://deno.land/x/deno_dom@v0.1.48/src/dom/selectors/selectors.ts": "83eab57be2290fb48e3130533448c93c6c61239f2a2f3b85f1917f80ca0fdc75",
    "https://deno.land/x/deno_dom@v0.1.48/src/dom/selectors/sizzle-types.ts": "78149e2502409989ce861ed636b813b059e16bc267bb543e7c2b26ef43e4798b",
    "https://deno.land/x/deno_dom@v0.1.48/src/dom/selectors/sizzle.js": "c3aed60c1045a106d8e546ac2f85cc82e65f62d9af2f8f515210b9212286682a",
    "https://deno.land/x/deno_dom@v0.1.48/src/dom/utils-types.ts": "96db30e3e4a75b194201bb9fa30988215da7f91b380fca6a5143e51ece2a8436",
    "https://deno.land/x/deno_dom@v0.1.48/src/dom/utils.ts": "4c6206516fb8f61f37a209c829e812c4f5a183e46d082934dd14c91bde939263",
    "https://deno.land/x/deno_dom@v0.1.48/src/parser.ts": "e06b2300d693e6ae7564e53dfa5c9a9e97fdb8c044c39c52c8b93b5d60860be3"
  },
  "workspace": {
    "dependencies": [
      "jsr:@std/assert@1"
    ]
  }
}
